# This file is autogenerated, do not edit; changes may be undone by the next 'dep ensure'.


[[projects]]
  digest = "1:7ae311278f7ccaa724de8f2cdec0a507ba3ee6dea8c77237e8157bcf64b0f28b"
  name = "github.com/golang/mock"
  packages = ["gomock"]
  pruneopts = "UT"
  revision = "3dcdcb6994c4de42a73bd2e4790178be3ed4554b"
  version = "v1.4.0"

[[projects]]
  digest = "1:0ade334594e69404d80d9d323445d2297ff8161637f9b2d347cc6973d2d6f05b"
  name = "github.com/hashicorp/errwrap"
  packages = ["."]
  pruneopts = "UT"
  revision = "8a6fb523712970c966eefc6b39ed2c5e74880354"
  version = "v1.0.0"

[[projects]]
  digest = "1:f668349b83f7d779567c880550534addeca7ebadfdcf44b0b9c39be61864b4b7"
  name = "github.com/hashicorp/go-multierror"
  packages = ["."]
  pruneopts = "UT"
  revision = "886a7fbe3eb1c874d46f623bfa70af45f425b3d1"
  version = "v1.0.0"

[[projects]]
  branch = "master"
  digest = "1:88d2d43b3af78c8793666276acd783594520924882319ee366684a6dfa5fe520"
  name = "github.com/juju/clock"
  packages = [
    ".",
    "testclock",
  ]
  pruneopts = "UT"
  revision = "9c5c9712527c7986f012361e7d13756b4d99543d"

[[projects]]
  branch = "master"
  digest = "1:b4d783f3ef044e8fd22ccaf4894bb5a3fc2d4a31854e10bbb042f9cd305510e5"
  name = "github.com/juju/errors"
  packages = ["."]
  pruneopts = "UT"
  revision = "d42613fe1ab9e303fc850e7a19fda2e8eeb6516e"

[[projects]]
  branch = "master"
  digest = "1:ebcbc7af8218775de172b33a9f231dce5ebbf32476a54355084d34761d8a93c0"
  name = "github.com/juju/loggo"
  packages = ["."]
  pruneopts = "UT"
  revision = "6e530bcce5d8e1b51b8e5ee7f08a455cd0a8c2e5"

[[projects]]
  digest = "1:4cc7748b74453830951f95ddc3fd980387e7c13f77cc33d7cba54cd6b96dad26"
  name = "github.com/kr/pretty"
  packages = ["."]
  pruneopts = "UT"
  revision = "4e0886370c3a67530192c6a238cff68f56c141b0"
  version = "v0.2.0"

[[projects]]
  digest = "1:15b5cc79aad436d47019f814fde81a10221c740dc8ddf769221a65097fb6c2e9"
  name = "github.com/kr/text"
  packages = ["."]
  pruneopts = "UT"
  revision = "e2ffdb16a802fe2bb95e2e35ff34f0e53aeef34f"
  version = "v0.1.0"

[[projects]]
  digest = "1:9ff22c26414baf7deaf74f2a788fe7b97666048bcbe346c52cfe823442abbdfb"
  name = "github.com/lib/pq"
  packages = [
    ".",
    "oid",
    "scram",
  ]
  pruneopts = "UT"
  revision = "99274577be97ac9b1d95a2d61d566dc9b7cc6a54"
  version = "v1.3.0"

[[projects]]
  branch = "master"
  digest = "1:918a46e4a2fb83df33f668f5a6bd51b2996775d073fce1800d3ec01b0a5ddd2b"
  name = "golang.org/x/xerrors"
  packages = [
    ".",
    "internal",
  ]
  pruneopts = "UT"
  revision = "9bdfabe68543c54f90421aeb9a60ef8061b5b544"

[[projects]]
  branch = "v1"
  digest = "1:bc88591477b5fee4520dcd3d8fa8fd26f5d78b83193ed0102a7e83552652daa4"
  name = "gopkg.in/check.v1"
  packages = ["."]
  pruneopts = "UT"
  revision = "41f04d3bba152ddec2103e299fed053415705330"

[solve-meta]
  analyzer-name = "dep"
  analyzer-version = 1
  input-imports = [
    "github.com/golang/mock/gomock",
    "github.com/hashicorp/go-multierror",
    "github.com/juju/clock",
    "github.com/juju/clock/testclock",
    "github.com/lib/pq",
    "golang.org/x/xerrors",
    "gopkg.in/check.v1",
  ]
  solver-name = "gps-cdcl"
  solver-version = 1
